
Microsoft Visual Studio Solution File, Format Version 12.00
# Visual Studio Version 17
VisualStudioVersion = 17.5.002.0
MinimumVisualStudioVersion = 10.0.40219.1
Project("{9A19103F-16F7-4668-BE54-9A1E7A4F7556}") = "Learn_Extension_Methods", "Learn_Extension_Methods.csproj", "{04E2547A-B0B1-4BFE-B75A-43BB8DDD233D}"
EndProject
Global
	GlobalSection(SolutionConfigurationPlatforms) = preSolution
		Debug|Any CPU = Debug|Any CPU
		Release|Any CPU = Release|Any CPU
	EndGlobalSection
	GlobalSection(ProjectConfigurationPlatforms) = postSolution
		{04E2547A-B0B1-4BFE-B75A-43BB8DDD233D}.Debug|Any CPU.ActiveCfg = Debug|Any CPU
		{04E2547A-B0B1-4BFE-B75A-43BB8DDD233D}.Debug|Any CPU.Build.0 = Debug|Any CPU
		{04E2547A-B0B1-4BFE-B75A-43BB8DDD233D}.Release|Any CPU.ActiveCfg = Release|Any CPU
		{04E2547A-B0B1-4BFE-B75A-43BB8DDD233D}.Release|Any CPU.Build.0 = Release|Any CPU
	EndGlobalSection
	GlobalSection(SolutionProperties) = preSolution
		HideSolutionNode = FALSE
	EndGlobalSection
	GlobalSection(ExtensibilityGlobals) = postSolution
		SolutionGuid = {C2CDE07F-E1E3-4843-917B-932887F8A480}
	EndGlobalSection
EndGlobal
