
Microsoft Visual Studio Solution File, Format Version 12.00
# Visual Studio Version 17
VisualStudioVersion = 17.7.34031.279
MinimumVisualStudioVersion = 10.0.40219.1
Project("{FAE04EC0-301F-11D3-BF4B-00C04F79EFBC}") = "Generate_Randoms_Sort_Binary_Tree", "Generate_Randoms_Sort_Binary_Tree.csproj", "{011BE591-6FA3-4E56-AA6B-7433A06C493D}"
EndProject
Global
	GlobalSection(SolutionConfigurationPlatforms) = preSolution
		Debug|Any CPU = Debug|Any CPU
		Release|Any CPU = Release|Any CPU
	EndGlobalSection
	GlobalSection(ProjectConfigurationPlatforms) = postSolution
		{011BE591-6FA3-4E56-AA6B-7433A06C493D}.Debug|Any CPU.ActiveCfg = Debug|Any CPU
		{011BE591-6FA3-4E56-AA6B-7433A06C493D}.Debug|Any CPU.Build.0 = Debug|Any CPU
		{011BE591-6FA3-4E56-AA6B-7433A06C493D}.Release|Any CPU.ActiveCfg = Release|Any CPU
		{011BE591-6FA3-4E56-AA6B-7433A06C493D}.Release|Any CPU.Build.0 = Release|Any CPU
	EndGlobalSection
	GlobalSection(SolutionProperties) = preSolution
		HideSolutionNode = FALSE
	EndGlobalSection
	GlobalSection(ExtensibilityGlobals) = postSolution
		SolutionGuid = {E0386747-35FB-4747-9EF7-1D19013146A7}
	EndGlobalSection
EndGlobal
