
Microsoft Visual Studio Solution File, Format Version 12.00
# Visual Studio Version 17
VisualStudioVersion = 17.7.34221.43
MinimumVisualStudioVersion = 10.0.40219.1
Project("{FAE04EC0-301F-11D3-BF4B-00C04F79EFBC}") = "E4_SmsPhoneVerification", "E4_SmsPhoneVerification.csproj", "{DEC4EFDC-E1FE-476D-83C7-88C19D902C8B}"
EndProject
Global
	GlobalSection(SolutionConfigurationPlatforms) = preSolution
		Debug|Any CPU = Debug|Any CPU
		Release|Any CPU = Release|Any CPU
	EndGlobalSection
	GlobalSection(ProjectConfigurationPlatforms) = postSolution
		{DEC4EFDC-E1FE-476D-83C7-88C19D902C8B}.Debug|Any CPU.ActiveCfg = Debug|Any CPU
		{DEC4EFDC-E1FE-476D-83C7-88C19D902C8B}.Debug|Any CPU.Build.0 = Debug|Any CPU
		{DEC4EFDC-E1FE-476D-83C7-88C19D902C8B}.Release|Any CPU.ActiveCfg = Release|Any CPU
		{DEC4EFDC-E1FE-476D-83C7-88C19D902C8B}.Release|Any CPU.Build.0 = Release|Any CPU
	EndGlobalSection
	GlobalSection(SolutionProperties) = preSolution
		HideSolutionNode = FALSE
	EndGlobalSection
	GlobalSection(ExtensibilityGlobals) = postSolution
		SolutionGuid = {9B7422F4-ABEA-40B1-BFED-8654EC164299}
	EndGlobalSection
EndGlobal
