
Microsoft Visual Studio Solution File, Format Version 12.00
# Visual Studio Version 17
VisualStudioVersion = 17.5.002.0
MinimumVisualStudioVersion = 10.0.40219.1
Project("{9A19103F-16F7-4668-BE54-9A1E7A4F7556}") = "MSSQL_LocalDB_ConnectionString", "MSSQL_LocalDB_ConnectionString.csproj", "{8D499164-438D-4CBC-9AA5-9B9327CE87BA}"
EndProject
Global
	GlobalSection(SolutionConfigurationPlatforms) = preSolution
		Debug|Any CPU = Debug|Any CPU
		Release|Any CPU = Release|Any CPU
	EndGlobalSection
	GlobalSection(ProjectConfigurationPlatforms) = postSolution
		{8D499164-438D-4CBC-9AA5-9B9327CE87BA}.Debug|Any CPU.ActiveCfg = Debug|Any CPU
		{8D499164-438D-4CBC-9AA5-9B9327CE87BA}.Debug|Any CPU.Build.0 = Debug|Any CPU
		{8D499164-438D-4CBC-9AA5-9B9327CE87BA}.Release|Any CPU.ActiveCfg = Release|Any CPU
		{8D499164-438D-4CBC-9AA5-9B9327CE87BA}.Release|Any CPU.Build.0 = Release|Any CPU
	EndGlobalSection
	GlobalSection(SolutionProperties) = preSolution
		HideSolutionNode = FALSE
	EndGlobalSection
	GlobalSection(ExtensibilityGlobals) = postSolution
		SolutionGuid = {1DDC0AF6-6CFE-4000-BA06-B687A5B064BE}
	EndGlobalSection
EndGlobal
