
Microsoft Visual Studio Solution File, Format Version 12.00
# Visual Studio Version 17
VisualStudioVersion = 17.7.34221.43
MinimumVisualStudioVersion = 10.0.40219.1
Project("{FAE04EC0-301F-11D3-BF4B-00C04F79EFBC}") = "ContosoUniversity", "ContosoUniversity.csproj", "{948D0740-7E19-496B-BC84-6FDFFD4F76DB}"
EndProject
Global
	GlobalSection(SolutionConfigurationPlatforms) = preSolution
		Debug|Any CPU = Debug|Any CPU
		Release|Any CPU = Release|Any CPU
	EndGlobalSection
	GlobalSection(ProjectConfigurationPlatforms) = postSolution
		{948D0740-7E19-496B-BC84-6FDFFD4F76DB}.Debug|Any CPU.ActiveCfg = Debug|Any CPU
		{948D0740-7E19-496B-BC84-6FDFFD4F76DB}.Debug|Any CPU.Build.0 = Debug|Any CPU
		{948D0740-7E19-496B-BC84-6FDFFD4F76DB}.Release|Any CPU.ActiveCfg = Release|Any CPU
		{948D0740-7E19-496B-BC84-6FDFFD4F76DB}.Release|Any CPU.Build.0 = Release|Any CPU
	EndGlobalSection
	GlobalSection(SolutionProperties) = preSolution
		HideSolutionNode = FALSE
	EndGlobalSection
	GlobalSection(ExtensibilityGlobals) = postSolution
		SolutionGuid = {6C9D0A5B-BE36-4A46-85A9-119F4E83A6B2}
	EndGlobalSection
EndGlobal
