
Microsoft Visual Studio Solution File, Format Version 12.00
# Visual Studio Version 17
VisualStudioVersion = 17.5.002.0
MinimumVisualStudioVersion = 10.0.40219.1
Project("{9A19103F-16F7-4668-BE54-9A1E7A4F7556}") = "ConsoleDI.Example", "ConsoleDI.Example.csproj", "{9722483D-9212-4340-829B-6FE47888E249}"
EndProject
Global
	GlobalSection(SolutionConfigurationPlatforms) = preSolution
		Debug|Any CPU = Debug|Any CPU
		Release|Any CPU = Release|Any CPU
	EndGlobalSection
	GlobalSection(ProjectConfigurationPlatforms) = postSolution
		{9722483D-9212-4340-829B-6FE47888E249}.Debug|Any CPU.ActiveCfg = Debug|Any CPU
		{9722483D-9212-4340-829B-6FE47888E249}.Debug|Any CPU.Build.0 = Debug|Any CPU
		{9722483D-9212-4340-829B-6FE47888E249}.Release|Any CPU.ActiveCfg = Release|Any CPU
		{9722483D-9212-4340-829B-6FE47888E249}.Release|Any CPU.Build.0 = Release|Any CPU
	EndGlobalSection
	GlobalSection(SolutionProperties) = preSolution
		HideSolutionNode = FALSE
	EndGlobalSection
	GlobalSection(ExtensibilityGlobals) = postSolution
		SolutionGuid = {C82FA6EB-3DB3-47AE-BA3C-D7DEC790DABC}
	EndGlobalSection
EndGlobal
