
Microsoft Visual Studio Solution File, Format Version 12.00
# Visual Studio Version 17
VisualStudioVersion = 17.7.34031.279
MinimumVisualStudioVersion = 10.0.40219.1
Project("{9A19103F-16F7-4668-BE54-9A1E7A4F7556}") = "Module_5_Lab_2_CustomersDB", "Module_5_Lab_2_CustomersDB.csproj", "{D2097E6B-C74D-4ECD-8108-545A75DE45A8}"
EndProject
Global
	GlobalSection(SolutionConfigurationPlatforms) = preSolution
		Debug|Any CPU = Debug|Any CPU
		Release|Any CPU = Release|Any CPU
	EndGlobalSection
	GlobalSection(ProjectConfigurationPlatforms) = postSolution
		{D2097E6B-C74D-4ECD-8108-545A75DE45A8}.Debug|Any CPU.ActiveCfg = Debug|Any CPU
		{D2097E6B-C74D-4ECD-8108-545A75DE45A8}.Debug|Any CPU.Build.0 = Debug|Any CPU
		{D2097E6B-C74D-4ECD-8108-545A75DE45A8}.Release|Any CPU.ActiveCfg = Release|Any CPU
		{D2097E6B-C74D-4ECD-8108-545A75DE45A8}.Release|Any CPU.Build.0 = Release|Any CPU
	EndGlobalSection
	GlobalSection(SolutionProperties) = preSolution
		HideSolutionNode = FALSE
	EndGlobalSection
	GlobalSection(ExtensibilityGlobals) = postSolution
		SolutionGuid = {C2BC5AB8-F8DC-42EF-A003-085628D7B5EA}
	EndGlobalSection
EndGlobal
