
Microsoft Visual Studio Solution File, Format Version 12.00
# Visual Studio Version 17
VisualStudioVersion = 17.7.34031.279
MinimumVisualStudioVersion = 10.0.40219.1
Project("{FAE04EC0-301F-11D3-BF4B-00C04F79EFBC}") = "Learn_List", "Learn_List.csproj", "{2903A3B6-5A24-43B8-8AA0-7694D0CF9D85}"
EndProject
Global
	GlobalSection(SolutionConfigurationPlatforms) = preSolution
		Debug|Any CPU = Debug|Any CPU
		Release|Any CPU = Release|Any CPU
	EndGlobalSection
	GlobalSection(ProjectConfigurationPlatforms) = postSolution
		{2903A3B6-5A24-43B8-8AA0-7694D0CF9D85}.Debug|Any CPU.ActiveCfg = Debug|Any CPU
		{2903A3B6-5A24-43B8-8AA0-7694D0CF9D85}.Debug|Any CPU.Build.0 = Debug|Any CPU
		{2903A3B6-5A24-43B8-8AA0-7694D0CF9D85}.Release|Any CPU.ActiveCfg = Release|Any CPU
		{2903A3B6-5A24-43B8-8AA0-7694D0CF9D85}.Release|Any CPU.Build.0 = Release|Any CPU
	EndGlobalSection
	GlobalSection(SolutionProperties) = preSolution
		HideSolutionNode = FALSE
	EndGlobalSection
	GlobalSection(ExtensibilityGlobals) = postSolution
		SolutionGuid = {986C56ED-E46B-4D8A-AAE5-407210A822E1}
	EndGlobalSection
EndGlobal
