
Microsoft Visual Studio Solution File, Format Version 12.00
# Visual Studio Version 17
VisualStudioVersion = 17.7.34221.43
MinimumVisualStudioVersion = 10.0.40219.1
Project("{FAE04EC0-301F-11D3-BF4B-00C04F79EFBC}") = "Create a GitHub Action with .NET", "Create a GitHub Action with .NET.csproj", "{73E199F9-649A-48B7-84DD-678638625539}"
EndProject
Global
	GlobalSection(SolutionConfigurationPlatforms) = preSolution
		Debug|Any CPU = Debug|Any CPU
		Release|Any CPU = Release|Any CPU
	EndGlobalSection
	GlobalSection(ProjectConfigurationPlatforms) = postSolution
		{73E199F9-649A-48B7-84DD-678638625539}.Debug|Any CPU.ActiveCfg = Debug|Any CPU
		{73E199F9-649A-48B7-84DD-678638625539}.Debug|Any CPU.Build.0 = Debug|Any CPU
		{73E199F9-649A-48B7-84DD-678638625539}.Release|Any CPU.ActiveCfg = Release|Any CPU
		{73E199F9-649A-48B7-84DD-678638625539}.Release|Any CPU.Build.0 = Release|Any CPU
	EndGlobalSection
	GlobalSection(SolutionProperties) = preSolution
		HideSolutionNode = FALSE
	EndGlobalSection
	GlobalSection(ExtensibilityGlobals) = postSolution
		SolutionGuid = {D8DAFBC4-2BF0-432B-A46C-D538AEAC6C43}
	EndGlobalSection
EndGlobal
