
Microsoft Visual Studio Solution File, Format Version 12.00
# Visual Studio Version 17
VisualStudioVersion = 17.5.002.0
MinimumVisualStudioVersion = 10.0.40219.1
Project("{9A19103F-16F7-4668-BE54-9A1E7A4F7556}") = "Dictionary_API", "Dictionary_API.csproj", "{E437E4F3-51A2-4E01-858C-F74D9F668A16}"
EndProject
Global
	GlobalSection(SolutionConfigurationPlatforms) = preSolution
		Debug|Any CPU = Debug|Any CPU
		Release|Any CPU = Release|Any CPU
	EndGlobalSection
	GlobalSection(ProjectConfigurationPlatforms) = postSolution
		{E437E4F3-51A2-4E01-858C-F74D9F668A16}.Debug|Any CPU.ActiveCfg = Debug|Any CPU
		{E437E4F3-51A2-4E01-858C-F74D9F668A16}.Debug|Any CPU.Build.0 = Debug|Any CPU
		{E437E4F3-51A2-4E01-858C-F74D9F668A16}.Release|Any CPU.ActiveCfg = Release|Any CPU
		{E437E4F3-51A2-4E01-858C-F74D9F668A16}.Release|Any CPU.Build.0 = Release|Any CPU
	EndGlobalSection
	GlobalSection(SolutionProperties) = preSolution
		HideSolutionNode = FALSE
	EndGlobalSection
	GlobalSection(ExtensibilityGlobals) = postSolution
		SolutionGuid = {B9607EE3-2816-4A00-9EA2-F14AFED5E551}
	EndGlobalSection
EndGlobal
