
Microsoft Visual Studio Solution File, Format Version 12.00
# Visual Studio Version 17
VisualStudioVersion = 17.7.34221.43
MinimumVisualStudioVersion = 10.0.40219.1
Project("{9A19103F-16F7-4668-BE54-9A1E7A4F7556}") = "DotNet.Docker", "DotNet.Docker.csproj", "{651625F1-2005-42D4-9641-6B68E13D49B9}"
EndProject
Global
	GlobalSection(SolutionConfigurationPlatforms) = preSolution
		Debug|Any CPU = Debug|Any CPU
		Release|Any CPU = Release|Any CPU
	EndGlobalSection
	GlobalSection(ProjectConfigurationPlatforms) = postSolution
		{651625F1-2005-42D4-9641-6B68E13D49B9}.Debug|Any CPU.ActiveCfg = Debug|Any CPU
		{651625F1-2005-42D4-9641-6B68E13D49B9}.Debug|Any CPU.Build.0 = Debug|Any CPU
		{651625F1-2005-42D4-9641-6B68E13D49B9}.Release|Any CPU.ActiveCfg = Release|Any CPU
		{651625F1-2005-42D4-9641-6B68E13D49B9}.Release|Any CPU.Build.0 = Release|Any CPU
	EndGlobalSection
	GlobalSection(SolutionProperties) = preSolution
		HideSolutionNode = FALSE
	EndGlobalSection
	GlobalSection(ExtensibilityGlobals) = postSolution
		SolutionGuid = {671F0D25-9B8D-4D04-8217-7CB09573A2E6}
	EndGlobalSection
EndGlobal
