
Microsoft Visual Studio Solution File, Format Version 12.00
# Visual Studio Version 17
VisualStudioVersion = 17.7.34009.444
MinimumVisualStudioVersion = 10.0.40219.1
Project("{FAE04EC0-301F-11D3-BF4B-00C04F79EFBC}") = "Learn_LinkedList", "Learn_LinkedList.csproj", "{D500D51C-98E4-492C-AA41-D34E98AAE85E}"
EndProject
Global
	GlobalSection(SolutionConfigurationPlatforms) = preSolution
		Debug|Any CPU = Debug|Any CPU
		Release|Any CPU = Release|Any CPU
	EndGlobalSection
	GlobalSection(ProjectConfigurationPlatforms) = postSolution
		{D500D51C-98E4-492C-AA41-D34E98AAE85E}.Debug|Any CPU.ActiveCfg = Debug|Any CPU
		{D500D51C-98E4-492C-AA41-D34E98AAE85E}.Debug|Any CPU.Build.0 = Debug|Any CPU
		{D500D51C-98E4-492C-AA41-D34E98AAE85E}.Release|Any CPU.ActiveCfg = Release|Any CPU
		{D500D51C-98E4-492C-AA41-D34E98AAE85E}.Release|Any CPU.Build.0 = Release|Any CPU
	EndGlobalSection
	GlobalSection(SolutionProperties) = preSolution
		HideSolutionNode = FALSE
	EndGlobalSection
	GlobalSection(ExtensibilityGlobals) = postSolution
		SolutionGuid = {1064E742-57A4-42CF-B621-38624B92C016}
	EndGlobalSection
EndGlobal
